
Microsoft Visual Studio Solution File, Format Version 12.00
Project("{FAE04EC0-301F-11D3-BF4B-00C04F79EFBC}") = "ImageAcquisitionApp", "ImageAcquisitionApp\ImageAcquisitionApp.csproj", "{479C868C-AB1C-406E-9976-EFA9C99BE7D3}"
EndProject
Global
	GlobalSection(SolutionConfigurationPlatforms) = preSolution
		Debug|Any CPU = Debug|Any CPU
		Release|Any CPU = Release|Any CPU
	EndGlobalSection
	GlobalSection(ProjectConfigurationPlatforms) = postSolution
		{479C868C-AB1C-406E-9976-EFA9C99BE7D3}.Debug|Any CPU.ActiveCfg = Debug|Any CPU
		{479C868C-AB1C-406E-9976-EFA9C99BE7D3}.Debug|Any CPU.Build.0 = Debug|Any CPU
		{479C868C-AB1C-406E-9976-EFA9C99BE7D3}.Release|Any CPU.ActiveCfg = Release|Any CPU
		{479C868C-AB1C-406E-9976-EFA9C99BE7D3}.Release|Any CPU.Build.0 = Release|Any CPU
	EndGlobalSection
EndGlobal
